
Microsoft Visual Studio Solution File, Format Version 12.00
# Visual Studio Version 17
VisualStudioVersion = 17.2.32526.322
MinimumVisualStudioVersion = 10.0.40219.1
Project("{9A19103F-16F7-4668-BE54-9A1E7A4F7556}") = "MeetingWebAPI", "MeetingWebAPI\MeetingWebAPI.csproj", "{17E3437D-4024-4ECF-B040-5BC95C97E8DF}"
EndProject
Project("{FAE04EC0-301F-11D3-BF4B-00C04F79EFBC}") = "Meeting_DAL", "Meeting_DAL\Meeting_DAL.csproj", "{0309747B-7AD8-40E4-B2F7-528D2ED30654}"
EndProject
Project("{FAE04EC0-301F-11D3-BF4B-00C04F79EFBC}") = "Meeting_BAL", "Meeting_BAL\Meeting_BAL.csproj", "{9F0CA47B-EB84-4684-9D03-5373900E75CB}"
EndProject
Global
	GlobalSection(SolutionConfigurationPlatforms) = preSolution
		Debug|Any CPU = Debug|Any CPU
		Release|Any CPU = Release|Any CPU
	EndGlobalSection
	GlobalSection(ProjectConfigurationPlatforms) = postSolution
		{17E3437D-4024-4ECF-B040-5BC95C97E8DF}.Debug|Any CPU.ActiveCfg = Debug|Any CPU
		{17E3437D-4024-4ECF-B040-5BC95C97E8DF}.Debug|Any CPU.Build.0 = Debug|Any CPU
		{17E3437D-4024-4ECF-B040-5BC95C97E8DF}.Release|Any CPU.ActiveCfg = Release|Any CPU
		{17E3437D-4024-4ECF-B040-5BC95C97E8DF}.Release|Any CPU.Build.0 = Release|Any CPU
		{0309747B-7AD8-40E4-B2F7-528D2ED30654}.Debug|Any CPU.ActiveCfg = Debug|Any CPU
		{0309747B-7AD8-40E4-B2F7-528D2ED30654}.Debug|Any CPU.Build.0 = Debug|Any CPU
		{0309747B-7AD8-40E4-B2F7-528D2ED30654}.Release|Any CPU.ActiveCfg = Release|Any CPU
		{0309747B-7AD8-40E4-B2F7-528D2ED30654}.Release|Any CPU.Build.0 = Release|Any CPU
		{9F0CA47B-EB84-4684-9D03-5373900E75CB}.Debug|Any CPU.ActiveCfg = Debug|Any CPU
		{9F0CA47B-EB84-4684-9D03-5373900E75CB}.Debug|Any CPU.Build.0 = Debug|Any CPU
		{9F0CA47B-EB84-4684-9D03-5373900E75CB}.Release|Any CPU.ActiveCfg = Release|Any CPU
		{9F0CA47B-EB84-4684-9D03-5373900E75CB}.Release|Any CPU.Build.0 = Release|Any CPU
	EndGlobalSection
	GlobalSection(SolutionProperties) = preSolution
		HideSolutionNode = FALSE
	EndGlobalSection
	GlobalSection(ExtensibilityGlobals) = postSolution
		SolutionGuid = {41BBBC30-6B02-47BA-B1EA-D802BC2D8072}
	EndGlobalSection
EndGlobal
