
Microsoft Visual Studio Solution File, Format Version 12.00
# Visual Studio Version 17
VisualStudioVersion = 17.2.32526.322
MinimumVisualStudioVersion = 10.0.40219.1
Project("{2150E333-8FDC-42A3-9474-1A3956D46DE8}") = "src", "src", "{CE2B5215-1BAB-4524-8974-F2293EAD9C68}"
EndProject
Project("{FAE04EC0-301F-11D3-BF4B-00C04F79EFBC}") = "Meeting.Api", "Meeting.Api\Meeting.Api.csproj", "{40254009-E550-4F54-BF5A-3ACB6016518E}"
EndProject
Project("{FAE04EC0-301F-11D3-BF4B-00C04F79EFBC}") = "Meeting.Core", "Meeting.Core\Meeting.Core.csproj", "{F38E5F36-ADFC-4B66-954A-16DEB469783C}"
EndProject
Project("{FAE04EC0-301F-11D3-BF4B-00C04F79EFBC}") = "Meeting.Infrastructure", "Meeting.Infrastructure\Meeting.Infrastructure.csproj", "{58DEB8BA-B589-4CE1-BAC4-17F7F6CA8DA7}"
EndProject
Project("{2150E333-8FDC-42A3-9474-1A3956D46DE8}") = "tests", "tests", "{A3CFDABB-BC7A-4EE7-9033-C813BBBA2D26}"
EndProject
Global
	GlobalSection(SolutionConfigurationPlatforms) = preSolution
		Debug|Any CPU = Debug|Any CPU
		Release|Any CPU = Release|Any CPU
	EndGlobalSection
	GlobalSection(ProjectConfigurationPlatforms) = postSolution
		{40254009-E550-4F54-BF5A-3ACB6016518E}.Debug|Any CPU.ActiveCfg = Debug|Any CPU
		{40254009-E550-4F54-BF5A-3ACB6016518E}.Debug|Any CPU.Build.0 = Debug|Any CPU
		{40254009-E550-4F54-BF5A-3ACB6016518E}.Release|Any CPU.ActiveCfg = Release|Any CPU
		{40254009-E550-4F54-BF5A-3ACB6016518E}.Release|Any CPU.Build.0 = Release|Any CPU
		{F38E5F36-ADFC-4B66-954A-16DEB469783C}.Debug|Any CPU.ActiveCfg = Debug|Any CPU
		{F38E5F36-ADFC-4B66-954A-16DEB469783C}.Debug|Any CPU.Build.0 = Debug|Any CPU
		{F38E5F36-ADFC-4B66-954A-16DEB469783C}.Release|Any CPU.ActiveCfg = Release|Any CPU
		{F38E5F36-ADFC-4B66-954A-16DEB469783C}.Release|Any CPU.Build.0 = Release|Any CPU
		{58DEB8BA-B589-4CE1-BAC4-17F7F6CA8DA7}.Debug|Any CPU.ActiveCfg = Debug|Any CPU
		{58DEB8BA-B589-4CE1-BAC4-17F7F6CA8DA7}.Debug|Any CPU.Build.0 = Debug|Any CPU
		{58DEB8BA-B589-4CE1-BAC4-17F7F6CA8DA7}.Release|Any CPU.ActiveCfg = Release|Any CPU
		{58DEB8BA-B589-4CE1-BAC4-17F7F6CA8DA7}.Release|Any CPU.Build.0 = Release|Any CPU
	EndGlobalSection
	GlobalSection(SolutionProperties) = preSolution
		HideSolutionNode = FALSE
	EndGlobalSection
	GlobalSection(NestedProjects) = preSolution
		{40254009-E550-4F54-BF5A-3ACB6016518E} = {CE2B5215-1BAB-4524-8974-F2293EAD9C68}
		{F38E5F36-ADFC-4B66-954A-16DEB469783C} = {CE2B5215-1BAB-4524-8974-F2293EAD9C68}
		{58DEB8BA-B589-4CE1-BAC4-17F7F6CA8DA7} = {CE2B5215-1BAB-4524-8974-F2293EAD9C68}
	EndGlobalSection
	GlobalSection(ExtensibilityGlobals) = postSolution
		SolutionGuid = {5D8476C6-DD49-43C5-9D66-BF7BEFF26D3B}
	EndGlobalSection
EndGlobal
